
Microsoft Visual Studio Solution File, Format Version 12.00
# Visual Studio Version 16
VisualStudioVersion = 16.0.32428.217
MinimumVisualStudioVersion = 10.0.40219.1
Project("{FAE04EC0-301F-11D3-BF4B-00C04F79EFBC}") = "ProductoAPI", "ProductoAPI\ProductoAPI.csproj", "{BE3FB185-B8B5-4FF4-81CA-BDF8B1602B8A}"
EndProject
Project("{FAE04EC0-301F-11D3-BF4B-00C04F79EFBC}") = "ProductoClientMVC", "ProductoClientMVC\ProductoClientMVC.csproj", "{3573B7F0-6B57-43E7-96BB-DA66F62A9B03}"
EndProject
Global
	GlobalSection(SolutionConfigurationPlatforms) = preSolution
		Debug|Any CPU = Debug|Any CPU
		Release|Any CPU = Release|Any CPU
	EndGlobalSection
	GlobalSection(ProjectConfigurationPlatforms) = postSolution
		{BE3FB185-B8B5-4FF4-81CA-BDF8B1602B8A}.Debug|Any CPU.ActiveCfg = Debug|Any CPU
		{BE3FB185-B8B5-4FF4-81CA-BDF8B1602B8A}.Debug|Any CPU.Build.0 = Debug|Any CPU
		{BE3FB185-B8B5-4FF4-81CA-BDF8B1602B8A}.Release|Any CPU.ActiveCfg = Release|Any CPU
		{BE3FB185-B8B5-4FF4-81CA-BDF8B1602B8A}.Release|Any CPU.Build.0 = Release|Any CPU
		{3573B7F0-6B57-43E7-96BB-DA66F62A9B03}.Debug|Any CPU.ActiveCfg = Debug|Any CPU
		{3573B7F0-6B57-43E7-96BB-DA66F62A9B03}.Debug|Any CPU.Build.0 = Debug|Any CPU
		{3573B7F0-6B57-43E7-96BB-DA66F62A9B03}.Release|Any CPU.ActiveCfg = Release|Any CPU
		{3573B7F0-6B57-43E7-96BB-DA66F62A9B03}.Release|Any CPU.Build.0 = Release|Any CPU
	EndGlobalSection
	GlobalSection(SolutionProperties) = preSolution
		HideSolutionNode = FALSE
	EndGlobalSection
	GlobalSection(ExtensibilityGlobals) = postSolution
		SolutionGuid = {35A2A5E9-E80C-4330-868F-61D9E91ADC79}
	EndGlobalSection
EndGlobal
